{
  "nodes": {
    "nixpkgs": {
      "locked": {
        "lastModified": 1725906518,
        "narHash": "sha256-qmaHNqk6XiqMjOu+jgrh4Ab5ebF1DwenQJuPZAQqv6Y=",
        "owner": "inductive-research",
        "repo": "nixpkgs",
        "rev": "713f5b5c4165b177546758014e1c16ab6a0da209",
        "type": "github"
      },
      "original": {
        "owner": "inductive-research",
        "repo": "nixpkgs",
        "type": "github"
      }
    },
    "root": {
      "inputs": {
        "nixpkgs": "nixpkgs"
      }
    }
  },
  "root": "root",
  "version": 7
}
