{
  "nodes": {
    "nixpkgs": {
      "locked": {
        "lastModified": 1724533601,
        "narHash": "sha256-bobe52kteB5PyVZ4jzu47lHpj8bJQVk+k1rWqA0ZoTk=",
        "owner": "inductive-research",
        "repo": "nixpkgs",
        "rev": "de1a86a3a493f359576da3adf7c5d2954f8e5145",
        "type": "github"
      },
      "original": {
        "owner": "inductive-research",
        "repo": "nixpkgs",
        "type": "github"
      }
    },
    "root": {
      "inputs": {
        "nixpkgs": "nixpkgs"
      }
    }
  },
  "root": "root",
  "version": 7
}
