{
  "nodes": {
    "nixpkgs": {
      "locked": {
        "lastModified": 1724198220,
        "narHash": "sha256-8u8q46kQlp3bsBNvHQyk5m9lviAovT5J7uJXjwAXfWk=",
        "owner": "inductive-research",
        "repo": "nixpkgs",
        "rev": "38c96cf6b4fd8c1ca6aa9ee6621b2de7a2fba2ed",
        "type": "github"
      },
      "original": {
        "owner": "inductive-research",
        "repo": "nixpkgs",
        "type": "github"
      }
    },
    "root": {
      "inputs": {
        "nixpkgs": "nixpkgs"
      }
    }
  },
  "root": "root",
  "version": 7
}
